
Microsoft Visual Studio Solution File, Format Version 12.00
# Visual Studio 15
VisualStudioVersion = 15.0.28307.1300
MinimumVisualStudioVersion = 10.0.40219.1
Project("{8BC9CEB8-8B4A-11D0-8D11-00A0C91BC942}") = "AyPI_9_Introduccion_Punteros", "AyPI_9_Introduccion_Punteros\AyPI_9_Introduccion_Punteros.vcxproj", "{F82BE48D-CE7B-44A7-9A20-BC8F15ECB335}"
EndProject
Global
	GlobalSection(SolutionConfigurationPlatforms) = preSolution
		Debug|x64 = Debug|x64
		Debug|x86 = Debug|x86
		Release|x64 = Release|x64
		Release|x86 = Release|x86
	EndGlobalSection
	GlobalSection(ProjectConfigurationPlatforms) = postSolution
		{F82BE48D-CE7B-44A7-9A20-BC8F15ECB335}.Debug|x64.ActiveCfg = Debug|x64
		{F82BE48D-CE7B-44A7-9A20-BC8F15ECB335}.Debug|x64.Build.0 = Debug|x64
		{F82BE48D-CE7B-44A7-9A20-BC8F15ECB335}.Debug|x86.ActiveCfg = Debug|Win32
		{F82BE48D-CE7B-44A7-9A20-BC8F15ECB335}.Debug|x86.Build.0 = Debug|Win32
		{F82BE48D-CE7B-44A7-9A20-BC8F15ECB335}.Release|x64.ActiveCfg = Release|x64
		{F82BE48D-CE7B-44A7-9A20-BC8F15ECB335}.Release|x64.Build.0 = Release|x64
		{F82BE48D-CE7B-44A7-9A20-BC8F15ECB335}.Release|x86.ActiveCfg = Release|Win32
		{F82BE48D-CE7B-44A7-9A20-BC8F15ECB335}.Release|x86.Build.0 = Release|Win32
	EndGlobalSection
	GlobalSection(SolutionProperties) = preSolution
		HideSolutionNode = FALSE
	EndGlobalSection
	GlobalSection(ExtensibilityGlobals) = postSolution
		SolutionGuid = {6BFB3172-D39A-41B8-B7E1-43781FE3B566}
	EndGlobalSection
EndGlobal
